
Microsoft Visual Studio Solution File, Format Version 12.00
# Visual Studio 2013
VisualStudioVersion = 12.0.21005.1
MinimumVisualStudioVersion = 10.0.40219.1
Project("{FAE04EC0-301F-11D3-BF4B-00C04F79EFBC}") = "CodeMetricsAnalyser", "CodeMetricsAnalyser\CodeMetricsAnalyser.csproj", "{E1895A86-38CC-4DA8-8FF8-333DEF91B739}"
EndProject
Project("{FAE04EC0-301F-11D3-BF4B-00C04F79EFBC}") = "CodeMetricsTests", "CodeMetricsTests\CodeMetricsTests.csproj", "{779DD906-5362-40CE-A267-510D770041EE}"
EndProject
Project("{FAE04EC0-301F-11D3-BF4B-00C04F79EFBC}") = "GUI", "GUI\GUI.csproj", "{932AAE45-CC1B-44FF-91D8-B1C35C73A3BA}"
EndProject
Global
	GlobalSection(SolutionConfigurationPlatforms) = preSolution
		Debug|Any CPU = Debug|Any CPU
		Release|Any CPU = Release|Any CPU
	EndGlobalSection
	GlobalSection(ProjectConfigurationPlatforms) = postSolution
		{E1895A86-38CC-4DA8-8FF8-333DEF91B739}.Debug|Any CPU.ActiveCfg = Debug|Any CPU
		{E1895A86-38CC-4DA8-8FF8-333DEF91B739}.Debug|Any CPU.Build.0 = Debug|Any CPU
		{E1895A86-38CC-4DA8-8FF8-333DEF91B739}.Release|Any CPU.ActiveCfg = Release|Any CPU
		{E1895A86-38CC-4DA8-8FF8-333DEF91B739}.Release|Any CPU.Build.0 = Release|Any CPU
		{779DD906-5362-40CE-A267-510D770041EE}.Debug|Any CPU.ActiveCfg = Debug|Any CPU
		{779DD906-5362-40CE-A267-510D770041EE}.Debug|Any CPU.Build.0 = Debug|Any CPU
		{779DD906-5362-40CE-A267-510D770041EE}.Release|Any CPU.ActiveCfg = Release|Any CPU
		{779DD906-5362-40CE-A267-510D770041EE}.Release|Any CPU.Build.0 = Release|Any CPU
		{932AAE45-CC1B-44FF-91D8-B1C35C73A3BA}.Debug|Any CPU.ActiveCfg = Debug|Any CPU
		{932AAE45-CC1B-44FF-91D8-B1C35C73A3BA}.Debug|Any CPU.Build.0 = Debug|Any CPU
		{932AAE45-CC1B-44FF-91D8-B1C35C73A3BA}.Release|Any CPU.ActiveCfg = Release|Any CPU
		{932AAE45-CC1B-44FF-91D8-B1C35C73A3BA}.Release|Any CPU.Build.0 = Release|Any CPU
	EndGlobalSection
	GlobalSection(SolutionProperties) = preSolution
		HideSolutionNode = FALSE
	EndGlobalSection
EndGlobal
