
Microsoft Visual Studio Solution File, Format Version 12.00
# Visual Studio 2013
VisualStudioVersion = 12.0.21005.1
MinimumVisualStudioVersion = 10.0.40219.1
Project("{FAE04EC0-301F-11D3-BF4B-00C04F79EFBC}") = "CodeMetricsAnalyser", "CodeMetricsAnalyser\CodeMetricsAnalyser.csproj", "{E1895A86-38CC-4DA8-8FF8-333DEF91B739}"
EndProject
Global
	GlobalSection(SolutionConfigurationPlatforms) = preSolution
		Debug|Any CPU = Debug|Any CPU
		Release|Any CPU = Release|Any CPU
	EndGlobalSection
	GlobalSection(ProjectConfigurationPlatforms) = postSolution
		{E1895A86-38CC-4DA8-8FF8-333DEF91B739}.Debug|Any CPU.ActiveCfg = Debug|Any CPU
		{E1895A86-38CC-4DA8-8FF8-333DEF91B739}.Debug|Any CPU.Build.0 = Debug|Any CPU
		{E1895A86-38CC-4DA8-8FF8-333DEF91B739}.Release|Any CPU.ActiveCfg = Release|Any CPU
		{E1895A86-38CC-4DA8-8FF8-333DEF91B739}.Release|Any CPU.Build.0 = Release|Any CPU
	EndGlobalSection
	GlobalSection(SolutionProperties) = preSolution
		HideSolutionNode = FALSE
	EndGlobalSection
EndGlobal
